
Microsoft Visual Studio Solution File, Format Version 12.00
# Visual Studio Version 17
VisualStudioVersion = 17.0.31903.59
MinimumVisualStudioVersion = 10.0.40219.1
Project("{2150E333-8FDC-42A3-9474-1A3956D46DE8}") = "src", "src", "{D93FD093-2ADA-45FC-8BCD-38CFD1EA1D09}"
EndProject
Project("{2150E333-8FDC-42A3-9474-1A3956D46DE8}") = "Modules", "Modules", "{08574013-C9B0-467E-8F89-7A524BBC6134}"
EndProject
Project("{2150E333-8FDC-42A3-9474-1A3956D46DE8}") = "Users", "Users", "{499F3BB8-AD7B-48E6-8C2D-9DE9F3567222}"
EndProject
Project("{FAE04EC0-301F-11D3-BF4B-00C04F79EFBC}") = "Users.Domain", "src\Modules\Users\Users.Domain\Users.Domain.csproj", "{9CF88B0B-2784-4656-8928-DB33918A0822}"
EndProject
Project("{FAE04EC0-301F-11D3-BF4B-00C04F79EFBC}") = "Users.Application", "src\Modules\Users\Users.Application\Users.Application.csproj", "{7C25B462-07B0-440C-B64B-EBCBB4B0514E}"
EndProject
Project("{FAE04EC0-301F-11D3-BF4B-00C04F79EFBC}") = "Users.Infrastructure", "src\Modules\Users\Users.Infrastructure\Users.Infrastructure.csproj", "{769559D8-800D-4E1C-AA4B-470EBE5344A9}"
EndProject
Project("{2150E333-8FDC-42A3-9474-1A3956D46DE8}") = "Products", "Products", "{96F5BBE7-C21B-4C2E-A95A-1D09FEDB878F}"
EndProject
Project("{FAE04EC0-301F-11D3-BF4B-00C04F79EFBC}") = "Products.Domain", "src\Modules\Products\Products.Domain\Products.Domain.csproj", "{F8E6381E-B1EE-4658-ACB6-DFF9720B8F97}"
EndProject
Project("{FAE04EC0-301F-11D3-BF4B-00C04F79EFBC}") = "Products.Application", "src\Modules\Products\Products.Application\Products.Application.csproj", "{DC1CED13-79C3-4D9F-BC3C-7706393186E4}"
EndProject
Project("{FAE04EC0-301F-11D3-BF4B-00C04F79EFBC}") = "Products.Infrastructure", "src\Modules\Products\Products.Infrastructure\Products.Infrastructure.csproj", "{5887B780-A206-4CDA-83B3-F52E3748E359}"
EndProject
Project("{2150E333-8FDC-42A3-9474-1A3956D46DE8}") = "Cart", "Cart", "{C0ACD72A-8D32-475A-9D8C-808BCDB81FC7}"
EndProject
Project("{FAE04EC0-301F-11D3-BF4B-00C04F79EFBC}") = "Cart.Domain", "src\Modules\Cart\Cart.Domain\Cart.Domain.csproj", "{D43C431E-2C1F-48D7-94F5-AF849722B398}"
EndProject
Project("{FAE04EC0-301F-11D3-BF4B-00C04F79EFBC}") = "Cart.Application", "src\Modules\Cart\Cart.Application\Cart.Application.csproj", "{B7C77019-78FF-4F2B-8281-4899E7AAC090}"
EndProject
Project("{FAE04EC0-301F-11D3-BF4B-00C04F79EFBC}") = "Cart.Infrastructure", "src\Modules\Cart\Cart.Infrastructure\Cart.Infrastructure.csproj", "{2D4D1A32-A196-4799-8F1A-3EA4E0F378EB}"
EndProject
Project("{2150E333-8FDC-42A3-9474-1A3956D46DE8}") = "Orders", "Orders", "{B9498F71-BDC6-4CCD-A46D-78CEB8996875}"
EndProject
Project("{FAE04EC0-301F-11D3-BF4B-00C04F79EFBC}") = "Orders.Domain", "src\Modules\Orders\Orders.Domain\Orders.Domain.csproj", "{B83899F7-475F-4E44-9043-5FCA108AEC6A}"
EndProject
Project("{FAE04EC0-301F-11D3-BF4B-00C04F79EFBC}") = "Orders.Application", "src\Modules\Orders\Orders.Application\Orders.Application.csproj", "{34C69895-1E69-4EA8-BB45-944FA2AE7FB6}"
EndProject
Project("{FAE04EC0-301F-11D3-BF4B-00C04F79EFBC}") = "Orders.Infrastructure", "src\Modules\Orders\Orders.Infrastructure\Orders.Infrastructure.csproj", "{700BB9E7-0BA6-4E37-B411-0ABFC0758CE3}"
EndProject
Project("{2150E333-8FDC-42A3-9474-1A3956D46DE8}") = "Notifications", "Notifications", "{458B5044-912C-4965-8FC9-034C84FB2FD0}"
EndProject
Project("{FAE04EC0-301F-11D3-BF4B-00C04F79EFBC}") = "Notifications.Domain", "src\Modules\Notifications\Notifications.Domain\Notifications.Domain.csproj", "{983FD557-B525-49B7-952F-7587B852BEF5}"
EndProject
Project("{FAE04EC0-301F-11D3-BF4B-00C04F79EFBC}") = "Notifications.Application", "src\Modules\Notifications\Notifications.Application\Notifications.Application.csproj", "{499662BE-4AB9-4027-A5C5-764314E14C21}"
EndProject
Project("{FAE04EC0-301F-11D3-BF4B-00C04F79EFBC}") = "Notifications.Infrastructure", "src\Modules\Notifications\Notifications.Infrastructure\Notifications.Infrastructure.csproj", "{1B5F69A7-1B52-4E70-B682-9D3E6AFD7B4E}"
EndProject
Project("{FAE04EC0-301F-11D3-BF4B-00C04F79EFBC}") = "Presentation", "src\Presentation\Presentation.csproj", "{96BEA338-5CFC-471A-9461-C7CCC96B2D19}"
EndProject
Project("{FAE04EC0-301F-11D3-BF4B-00C04F79EFBC}") = "Shared", "src\Shared\Shared.csproj", "{AC6F2C03-44F6-420C-8916-433347AA4E88}"
EndProject
Project("{FAE04EC0-301F-11D3-BF4B-00C04F79EFBC}") = "Database", "src\Database\Database.csproj", "{4C5C4A08-AC5E-4381-A567-186D6AF99CBA}"
EndProject
Project("{2150E333-8FDC-42A3-9474-1A3956D46DE8}") = "tests", "tests", "{D5567F33-879A-4062-9059-2A971432C97F}"
EndProject
Project("{FAE04EC0-301F-11D3-BF4B-00C04F79EFBC}") = "UnitTests", "tests\UnitTests\UnitTests.csproj", "{42257A90-ADEA-4B74-927F-C8205CC38185}"
EndProject
Project("{FAE04EC0-301F-11D3-BF4B-00C04F79EFBC}") = "IntegrationTests", "tests\IntegrationTests\IntegrationTests.csproj", "{F61B7EE9-6609-4183-9A7C-3CB30BBE362E}"
EndProject
Project("{2150E333-8FDC-42A3-9474-1A3956D46DE8}") = "Authentication", "Authentication", "{8F0F4F6E-69E3-4B64-AD72-6E7FC1451667}"
EndProject
Project("{FAE04EC0-301F-11D3-BF4B-00C04F79EFBC}") = "Authentication.Domain", "src\Modules\Authentication\Authentication.Domain\Authentication.Domain.csproj", "{329B856D-E958-4D09-A467-5F03C9F85517}"
EndProject
Project("{FAE04EC0-301F-11D3-BF4B-00C04F79EFBC}") = "Authentication.Application", "src\Modules\Authentication\Authentication.Application\Authentication.Application.csproj", "{558A1818-A7E9-4600-B377-E5B6845820CF}"
EndProject
Project("{FAE04EC0-301F-11D3-BF4B-00C04F79EFBC}") = "Authentication.Infrastructure", "src\Modules\Authentication\Authentication.Infrastructure\Authentication.Infrastructure.csproj", "{3ED5B922-A206-4352-B179-D904C9FDE893}"
EndProject
Global
	GlobalSection(SolutionConfigurationPlatforms) = preSolution
		Debug|Any CPU = Debug|Any CPU
		Release|Any CPU = Release|Any CPU
	EndGlobalSection
	GlobalSection(SolutionProperties) = preSolution
		HideSolutionNode = FALSE
	EndGlobalSection
	GlobalSection(ProjectConfigurationPlatforms) = postSolution
		{9CF88B0B-2784-4656-8928-DB33918A0822}.Debug|Any CPU.ActiveCfg = Debug|Any CPU
		{9CF88B0B-2784-4656-8928-DB33918A0822}.Debug|Any CPU.Build.0 = Debug|Any CPU
		{9CF88B0B-2784-4656-8928-DB33918A0822}.Release|Any CPU.ActiveCfg = Release|Any CPU
		{9CF88B0B-2784-4656-8928-DB33918A0822}.Release|Any CPU.Build.0 = Release|Any CPU
		{7C25B462-07B0-440C-B64B-EBCBB4B0514E}.Debug|Any CPU.ActiveCfg = Debug|Any CPU
		{7C25B462-07B0-440C-B64B-EBCBB4B0514E}.Debug|Any CPU.Build.0 = Debug|Any CPU
		{7C25B462-07B0-440C-B64B-EBCBB4B0514E}.Release|Any CPU.ActiveCfg = Release|Any CPU
		{7C25B462-07B0-440C-B64B-EBCBB4B0514E}.Release|Any CPU.Build.0 = Release|Any CPU
		{769559D8-800D-4E1C-AA4B-470EBE5344A9}.Debug|Any CPU.ActiveCfg = Debug|Any CPU
		{769559D8-800D-4E1C-AA4B-470EBE5344A9}.Debug|Any CPU.Build.0 = Debug|Any CPU
		{769559D8-800D-4E1C-AA4B-470EBE5344A9}.Release|Any CPU.ActiveCfg = Release|Any CPU
		{769559D8-800D-4E1C-AA4B-470EBE5344A9}.Release|Any CPU.Build.0 = Release|Any CPU
		{F8E6381E-B1EE-4658-ACB6-DFF9720B8F97}.Debug|Any CPU.ActiveCfg = Debug|Any CPU
		{F8E6381E-B1EE-4658-ACB6-DFF9720B8F97}.Debug|Any CPU.Build.0 = Debug|Any CPU
		{F8E6381E-B1EE-4658-ACB6-DFF9720B8F97}.Release|Any CPU.ActiveCfg = Release|Any CPU
		{F8E6381E-B1EE-4658-ACB6-DFF9720B8F97}.Release|Any CPU.Build.0 = Release|Any CPU
		{DC1CED13-79C3-4D9F-BC3C-7706393186E4}.Debug|Any CPU.ActiveCfg = Debug|Any CPU
		{DC1CED13-79C3-4D9F-BC3C-7706393186E4}.Debug|Any CPU.Build.0 = Debug|Any CPU
		{DC1CED13-79C3-4D9F-BC3C-7706393186E4}.Release|Any CPU.ActiveCfg = Release|Any CPU
		{DC1CED13-79C3-4D9F-BC3C-7706393186E4}.Release|Any CPU.Build.0 = Release|Any CPU
		{5887B780-A206-4CDA-83B3-F52E3748E359}.Debug|Any CPU.ActiveCfg = Debug|Any CPU
		{5887B780-A206-4CDA-83B3-F52E3748E359}.Debug|Any CPU.Build.0 = Debug|Any CPU
		{5887B780-A206-4CDA-83B3-F52E3748E359}.Release|Any CPU.ActiveCfg = Release|Any CPU
		{5887B780-A206-4CDA-83B3-F52E3748E359}.Release|Any CPU.Build.0 = Release|Any CPU
		{D43C431E-2C1F-48D7-94F5-AF849722B398}.Debug|Any CPU.ActiveCfg = Debug|Any CPU
		{D43C431E-2C1F-48D7-94F5-AF849722B398}.Debug|Any CPU.Build.0 = Debug|Any CPU
		{D43C431E-2C1F-48D7-94F5-AF849722B398}.Release|Any CPU.ActiveCfg = Release|Any CPU
		{D43C431E-2C1F-48D7-94F5-AF849722B398}.Release|Any CPU.Build.0 = Release|Any CPU
		{B7C77019-78FF-4F2B-8281-4899E7AAC090}.Debug|Any CPU.ActiveCfg = Debug|Any CPU
		{B7C77019-78FF-4F2B-8281-4899E7AAC090}.Debug|Any CPU.Build.0 = Debug|Any CPU
		{B7C77019-78FF-4F2B-8281-4899E7AAC090}.Release|Any CPU.ActiveCfg = Release|Any CPU
		{B7C77019-78FF-4F2B-8281-4899E7AAC090}.Release|Any CPU.Build.0 = Release|Any CPU
		{2D4D1A32-A196-4799-8F1A-3EA4E0F378EB}.Debug|Any CPU.ActiveCfg = Debug|Any CPU
		{2D4D1A32-A196-4799-8F1A-3EA4E0F378EB}.Debug|Any CPU.Build.0 = Debug|Any CPU
		{2D4D1A32-A196-4799-8F1A-3EA4E0F378EB}.Release|Any CPU.ActiveCfg = Release|Any CPU
		{2D4D1A32-A196-4799-8F1A-3EA4E0F378EB}.Release|Any CPU.Build.0 = Release|Any CPU
		{B83899F7-475F-4E44-9043-5FCA108AEC6A}.Debug|Any CPU.ActiveCfg = Debug|Any CPU
		{B83899F7-475F-4E44-9043-5FCA108AEC6A}.Debug|Any CPU.Build.0 = Debug|Any CPU
		{B83899F7-475F-4E44-9043-5FCA108AEC6A}.Release|Any CPU.ActiveCfg = Release|Any CPU
		{B83899F7-475F-4E44-9043-5FCA108AEC6A}.Release|Any CPU.Build.0 = Release|Any CPU
		{34C69895-1E69-4EA8-BB45-944FA2AE7FB6}.Debug|Any CPU.ActiveCfg = Debug|Any CPU
		{34C69895-1E69-4EA8-BB45-944FA2AE7FB6}.Debug|Any CPU.Build.0 = Debug|Any CPU
		{34C69895-1E69-4EA8-BB45-944FA2AE7FB6}.Release|Any CPU.ActiveCfg = Release|Any CPU
		{34C69895-1E69-4EA8-BB45-944FA2AE7FB6}.Release|Any CPU.Build.0 = Release|Any CPU
		{700BB9E7-0BA6-4E37-B411-0ABFC0758CE3}.Debug|Any CPU.ActiveCfg = Debug|Any CPU
		{700BB9E7-0BA6-4E37-B411-0ABFC0758CE3}.Debug|Any CPU.Build.0 = Debug|Any CPU
		{700BB9E7-0BA6-4E37-B411-0ABFC0758CE3}.Release|Any CPU.ActiveCfg = Release|Any CPU
		{700BB9E7-0BA6-4E37-B411-0ABFC0758CE3}.Release|Any CPU.Build.0 = Release|Any CPU
		{983FD557-B525-49B7-952F-7587B852BEF5}.Debug|Any CPU.ActiveCfg = Debug|Any CPU
		{983FD557-B525-49B7-952F-7587B852BEF5}.Debug|Any CPU.Build.0 = Debug|Any CPU
		{983FD557-B525-49B7-952F-7587B852BEF5}.Release|Any CPU.ActiveCfg = Release|Any CPU
		{983FD557-B525-49B7-952F-7587B852BEF5}.Release|Any CPU.Build.0 = Release|Any CPU
		{499662BE-4AB9-4027-A5C5-764314E14C21}.Debug|Any CPU.ActiveCfg = Debug|Any CPU
		{499662BE-4AB9-4027-A5C5-764314E14C21}.Debug|Any CPU.Build.0 = Debug|Any CPU
		{499662BE-4AB9-4027-A5C5-764314E14C21}.Release|Any CPU.ActiveCfg = Release|Any CPU
		{499662BE-4AB9-4027-A5C5-764314E14C21}.Release|Any CPU.Build.0 = Release|Any CPU
		{1B5F69A7-1B52-4E70-B682-9D3E6AFD7B4E}.Debug|Any CPU.ActiveCfg = Debug|Any CPU
		{1B5F69A7-1B52-4E70-B682-9D3E6AFD7B4E}.Debug|Any CPU.Build.0 = Debug|Any CPU
		{1B5F69A7-1B52-4E70-B682-9D3E6AFD7B4E}.Release|Any CPU.ActiveCfg = Release|Any CPU
		{1B5F69A7-1B52-4E70-B682-9D3E6AFD7B4E}.Release|Any CPU.Build.0 = Release|Any CPU
		{96BEA338-5CFC-471A-9461-C7CCC96B2D19}.Debug|Any CPU.ActiveCfg = Debug|Any CPU
		{96BEA338-5CFC-471A-9461-C7CCC96B2D19}.Debug|Any CPU.Build.0 = Debug|Any CPU
		{96BEA338-5CFC-471A-9461-C7CCC96B2D19}.Release|Any CPU.ActiveCfg = Release|Any CPU
		{96BEA338-5CFC-471A-9461-C7CCC96B2D19}.Release|Any CPU.Build.0 = Release|Any CPU
		{AC6F2C03-44F6-420C-8916-433347AA4E88}.Debug|Any CPU.ActiveCfg = Debug|Any CPU
		{AC6F2C03-44F6-420C-8916-433347AA4E88}.Debug|Any CPU.Build.0 = Debug|Any CPU
		{AC6F2C03-44F6-420C-8916-433347AA4E88}.Release|Any CPU.ActiveCfg = Release|Any CPU
		{AC6F2C03-44F6-420C-8916-433347AA4E88}.Release|Any CPU.Build.0 = Release|Any CPU
		{4C5C4A08-AC5E-4381-A567-186D6AF99CBA}.Debug|Any CPU.ActiveCfg = Debug|Any CPU
		{4C5C4A08-AC5E-4381-A567-186D6AF99CBA}.Debug|Any CPU.Build.0 = Debug|Any CPU
		{4C5C4A08-AC5E-4381-A567-186D6AF99CBA}.Release|Any CPU.ActiveCfg = Release|Any CPU
		{4C5C4A08-AC5E-4381-A567-186D6AF99CBA}.Release|Any CPU.Build.0 = Release|Any CPU
		{42257A90-ADEA-4B74-927F-C8205CC38185}.Debug|Any CPU.ActiveCfg = Debug|Any CPU
		{42257A90-ADEA-4B74-927F-C8205CC38185}.Debug|Any CPU.Build.0 = Debug|Any CPU
		{42257A90-ADEA-4B74-927F-C8205CC38185}.Release|Any CPU.ActiveCfg = Release|Any CPU
		{42257A90-ADEA-4B74-927F-C8205CC38185}.Release|Any CPU.Build.0 = Release|Any CPU
		{F61B7EE9-6609-4183-9A7C-3CB30BBE362E}.Debug|Any CPU.ActiveCfg = Debug|Any CPU
		{F61B7EE9-6609-4183-9A7C-3CB30BBE362E}.Debug|Any CPU.Build.0 = Debug|Any CPU
		{F61B7EE9-6609-4183-9A7C-3CB30BBE362E}.Release|Any CPU.ActiveCfg = Release|Any CPU
		{F61B7EE9-6609-4183-9A7C-3CB30BBE362E}.Release|Any CPU.Build.0 = Release|Any CPU
		{329B856D-E958-4D09-A467-5F03C9F85517}.Debug|Any CPU.ActiveCfg = Debug|Any CPU
		{329B856D-E958-4D09-A467-5F03C9F85517}.Debug|Any CPU.Build.0 = Debug|Any CPU
		{329B856D-E958-4D09-A467-5F03C9F85517}.Release|Any CPU.ActiveCfg = Release|Any CPU
		{329B856D-E958-4D09-A467-5F03C9F85517}.Release|Any CPU.Build.0 = Release|Any CPU
		{558A1818-A7E9-4600-B377-E5B6845820CF}.Debug|Any CPU.ActiveCfg = Debug|Any CPU
		{558A1818-A7E9-4600-B377-E5B6845820CF}.Debug|Any CPU.Build.0 = Debug|Any CPU
		{558A1818-A7E9-4600-B377-E5B6845820CF}.Release|Any CPU.ActiveCfg = Release|Any CPU
		{558A1818-A7E9-4600-B377-E5B6845820CF}.Release|Any CPU.Build.0 = Release|Any CPU
		{3ED5B922-A206-4352-B179-D904C9FDE893}.Debug|Any CPU.ActiveCfg = Debug|Any CPU
		{3ED5B922-A206-4352-B179-D904C9FDE893}.Debug|Any CPU.Build.0 = Debug|Any CPU
		{3ED5B922-A206-4352-B179-D904C9FDE893}.Release|Any CPU.ActiveCfg = Release|Any CPU
		{3ED5B922-A206-4352-B179-D904C9FDE893}.Release|Any CPU.Build.0 = Release|Any CPU
	EndGlobalSection
	GlobalSection(NestedProjects) = preSolution
		{08574013-C9B0-467E-8F89-7A524BBC6134} = {D93FD093-2ADA-45FC-8BCD-38CFD1EA1D09}
		{499F3BB8-AD7B-48E6-8C2D-9DE9F3567222} = {08574013-C9B0-467E-8F89-7A524BBC6134}
		{9CF88B0B-2784-4656-8928-DB33918A0822} = {499F3BB8-AD7B-48E6-8C2D-9DE9F3567222}
		{7C25B462-07B0-440C-B64B-EBCBB4B0514E} = {499F3BB8-AD7B-48E6-8C2D-9DE9F3567222}
		{769559D8-800D-4E1C-AA4B-470EBE5344A9} = {499F3BB8-AD7B-48E6-8C2D-9DE9F3567222}
		{96F5BBE7-C21B-4C2E-A95A-1D09FEDB878F} = {08574013-C9B0-467E-8F89-7A524BBC6134}
		{F8E6381E-B1EE-4658-ACB6-DFF9720B8F97} = {96F5BBE7-C21B-4C2E-A95A-1D09FEDB878F}
		{DC1CED13-79C3-4D9F-BC3C-7706393186E4} = {96F5BBE7-C21B-4C2E-A95A-1D09FEDB878F}
		{5887B780-A206-4CDA-83B3-F52E3748E359} = {96F5BBE7-C21B-4C2E-A95A-1D09FEDB878F}
		{C0ACD72A-8D32-475A-9D8C-808BCDB81FC7} = {08574013-C9B0-467E-8F89-7A524BBC6134}
		{D43C431E-2C1F-48D7-94F5-AF849722B398} = {C0ACD72A-8D32-475A-9D8C-808BCDB81FC7}
		{B7C77019-78FF-4F2B-8281-4899E7AAC090} = {C0ACD72A-8D32-475A-9D8C-808BCDB81FC7}
		{2D4D1A32-A196-4799-8F1A-3EA4E0F378EB} = {C0ACD72A-8D32-475A-9D8C-808BCDB81FC7}
		{B9498F71-BDC6-4CCD-A46D-78CEB8996875} = {08574013-C9B0-467E-8F89-7A524BBC6134}
		{B83899F7-475F-4E44-9043-5FCA108AEC6A} = {B9498F71-BDC6-4CCD-A46D-78CEB8996875}
		{34C69895-1E69-4EA8-BB45-944FA2AE7FB6} = {B9498F71-BDC6-4CCD-A46D-78CEB8996875}
		{700BB9E7-0BA6-4E37-B411-0ABFC0758CE3} = {B9498F71-BDC6-4CCD-A46D-78CEB8996875}
		{458B5044-912C-4965-8FC9-034C84FB2FD0} = {08574013-C9B0-467E-8F89-7A524BBC6134}
		{983FD557-B525-49B7-952F-7587B852BEF5} = {458B5044-912C-4965-8FC9-034C84FB2FD0}
		{499662BE-4AB9-4027-A5C5-764314E14C21} = {458B5044-912C-4965-8FC9-034C84FB2FD0}
		{1B5F69A7-1B52-4E70-B682-9D3E6AFD7B4E} = {458B5044-912C-4965-8FC9-034C84FB2FD0}
		{96BEA338-5CFC-471A-9461-C7CCC96B2D19} = {D93FD093-2ADA-45FC-8BCD-38CFD1EA1D09}
		{AC6F2C03-44F6-420C-8916-433347AA4E88} = {D93FD093-2ADA-45FC-8BCD-38CFD1EA1D09}
		{4C5C4A08-AC5E-4381-A567-186D6AF99CBA} = {D93FD093-2ADA-45FC-8BCD-38CFD1EA1D09}
		{42257A90-ADEA-4B74-927F-C8205CC38185} = {D5567F33-879A-4062-9059-2A971432C97F}
		{F61B7EE9-6609-4183-9A7C-3CB30BBE362E} = {D5567F33-879A-4062-9059-2A971432C97F}
		{8F0F4F6E-69E3-4B64-AD72-6E7FC1451667} = {08574013-C9B0-467E-8F89-7A524BBC6134}
		{329B856D-E958-4D09-A467-5F03C9F85517} = {8F0F4F6E-69E3-4B64-AD72-6E7FC1451667}
		{558A1818-A7E9-4600-B377-E5B6845820CF} = {8F0F4F6E-69E3-4B64-AD72-6E7FC1451667}
		{3ED5B922-A206-4352-B179-D904C9FDE893} = {8F0F4F6E-69E3-4B64-AD72-6E7FC1451667}
	EndGlobalSection
EndGlobal
